// !$*UTF8*$!
{
	archiveVersion = 1;
	classes = {
	};
	objectVersion = 48;
	objects = {

/* Begin PBXBuildFile section */
		11C98E6E1F92095400A1C3AD /* AppDelegate.swift in Sources */ = {isa = PBXBuildFile; fileRef = 11C98E6D1F92095400A1C3AD /* AppDelegate.swift */; };
		11C98E701F92095400A1C3AD /* ViewController.swift in Sources */ = {isa = PBXBuildFile; fileRef = 11C98E6F1F92095400A1C3AD /* ViewController.swift */; };
		11C98E731F92095400A1C3AD /* Main.storyboard in Resources */ = {isa = PBXBuildFile; fileRef = 11C98E711F92095400A1C3AD /* Main.storyboard */; };
		11C98E751F92095400A1C3AD /* Assets.xcassets in Resources */ = {isa = PBXBuildFile; fileRef = 11C98E741F92095400A1C3AD /* Assets.xcassets */; };
		11C98E781F92095400A1C3AD /* LaunchScreen.storyboard in Resources */ = {isa = PBXBuildFile; fileRef = 11C98E761F92095400A1C3AD /* LaunchScreen.storyboard */; };
		B63FA57E750CB275B593C10F /* Pods_TravelHelper.framework in Frameworks */ = {isa = PBXBuildFile; fileRef = F1871703E19204F4BABFC9B2 /* Pods_TravelHelper.framework */; };
/* End PBXBuildFile section */

/* Begin PBXFileReference section */
		11C98E6A1F92095400A1C3AD /* TravelHelper.app */ = {isa = PBXFileReference; explicitFileType = wrapper.application; includeInIndex = 0; path = TravelHelper.app; sourceTree = BUILT_PRODUCTS_DIR; };
		11C98E6D1F92095400A1C3AD /* AppDelegate.swift */ = {isa = PBXFileReference; lastKnownFileType = sourcecode.swift; path = AppDelegate.swift; sourceTree = "<group>"; };
		11C98E6F1F92095400A1C3AD /* ViewController.swift */ = {isa = PBXFileReference; lastKnownFileType = sourcecode.swift; path = ViewController.swift; sourceTree = "<group>"; };
		11C98E721F92095400A1C3AD /* Base */ = {isa = PBXFileReference; lastKnownFileType = file.storyboard; name = Base; path = Base.lproj/Main.storyboard; sourceTree = "<group>"; };
		11C98E741F92095400A1C3AD /* Assets.xcassets */ = {isa = PBXFileReference; lastKnownFileType = folder.assetcatalog; path = Assets.xcassets; sourceTree = "<group>"; };
		11C98E771F92095400A1C3AD /* Base */ = {isa = PBXFileReference; lastKnownFileType = file.storyboard; name = Base; path = Base.lproj/LaunchScreen.storyboard; sourceTree = "<group>"; };
		11C98E791F92095400A1C3AD /* Info.plist */ = {isa = PBXFileReference; lastKnownFileType = text.plist.xml; path = Info.plist; sourceTree = "<group>"; };
		885853279C082D3A4C951CE5 /* Pods-TravelHelper.debug.xcconfig */ = {isa = PBXFileReference; includeInIndex = 1; lastKnownFileType = text.xcconfig; name = "Pods-TravelHelper.debug.xcconfig"; path = "Pods/Target Support Files/Pods-TravelHelper/Pods-TravelHelper.debug.xcconfig"; sourceTree = "<group>"; };
		A154026D0EEC119E1F80D74A /* Pods-TravelHelper.release.xcconfig */ = {isa = PBXFileReference; includeInIndex = 1; lastKnownFileType = text.xcconfig; name = "Pods-TravelHelper.release.xcconfig"; path = "Pods/Target Support Files/Pods-TravelHelper/Pods-TravelHelper.release.xcconfig"; sourceTree = "<group>"; };
		F1871703E19204F4BABFC9B2 /* Pods_TravelHelper.framework */ = {isa = PBXFileReference; explicitFileType = wrapper.framework; includeInIndex = 0; path = Pods_TravelHelper.framework; sourceTree = BUILT_PRODUCTS_DIR; };
/* End PBXFileReference section */

/* Begin PBXFrameworksBuildPhase section */
		11C98E671F92095400A1C3AD /* Frameworks */ = {
			isa = PBXFrameworksBuildPhase;
			buildActionMask = 2147483647;
			files = (
				B63FA57E750CB275B593C10F /* Pods_TravelHelper.framework in Frameworks */,
			);
			runOnlyForDeploymentPostprocessing = 0;
		};
/* End PBXFrameworksBuildPhase section */

/* Begin PBXGroup section */
		11C98E611F92095400A1C3AD = {
			isa = PBXGroup;
			children = (
				11C98E6C1F92095400A1C3AD /* TravelHelper */,
				11C98E6B1F92095400A1C3AD /* Products */,
				670D7331DB5D14B5F7C038F9 /* Pods */,
				E2DB1D61E3CA15E79205DA14 /* Frameworks */,
			);
			sourceTree = "<group>";
		};
		11C98E6B1F92095400A1C3AD /* Products */ = {
			isa = PBXGroup;
			children = (
				11C98E6A1F92095400A1C3AD /* TravelHelper.app */,
			);
			name = Products;
			sourceTree = "<group>";
		};
		11C98E6C1F92095400A1C3AD /* TravelHelper */ = {
			isa = PBXGroup;
			children = (
				11C98E6D1F92095400A1C3AD /* AppDelegate.swift */,
				11C98E6F1F92095400A1C3AD /* ViewController.swift */,
				11C98E711F92095400A1C3AD /* Main.storyboard */,
				11C98E741F92095400A1C3AD /* Assets.xcassets */,
				11C98E761F92095400A1C3AD /* LaunchScreen.storyboard */,
				11C98E791F92095400A1C3AD /* Info.plist */,
			);
			path = TravelHelper;
			sourceTree = "<group>";
		};
		670D7331DB5D14B5F7C038F9 /* Pods */ = {
			isa = PBXGroup;
			children = (
				885853279C082D3A4C951CE5 /* Pods-TravelHelper.debug.xcconfig */,
				A154026D0EEC119E1F80D74A /* Pods-TravelHelper.release.xcconfig */,
			);
			name = Pods;
			sourceTree = "<group>";
		};
		E2DB1D61E3CA15E79205DA14 /* Frameworks */ = {
			isa = PBXGroup;
			children = (
				F1871703E19204F4BABFC9B2 /* Pods_TravelHelper.framework */,
			);
			name = Frameworks;
			sourceTree = "<group>";
		};
/* End PBXGroup section */

/* Begin PBXNativeTarget section */
		11C98E691F92095400A1C3AD /* TravelHelper */ = {
			isa = PBXNativeTarget;
			buildConfigurationList = 11C98E7C1F92095400A1C3AD /* Build configuration list for PBXNativeTarget "TravelHelper" */;
			buildPhases = (
				5B1243528D7BADF7DF43AF7C /* [CP] Check Pods Manifest.lock */,
				11C98E661F92095400A1C3AD /* Sources */,
				11C98E671F92095400A1C3AD /* Frameworks */,
				11C98E681F92095400A1C3AD /* Resources */,
				40F35B20E4A6705BED4781AE /* [CP] Embed Pods Frameworks */,
				9825728754592139EA3FF5F6 /* [CP] Copy Pods Resources */,
			);
			buildRules = (
			);
			dependencies = (
			);
			name = TravelHelper;
			productName = TravelHelper;
			productReference = 11C98E6A1F92095400A1C3AD /* TravelHelper.app */;
			productType = "com.apple.product-type.application";
		};
/* End PBXNativeTarget section */

/* Begin PBXProject section */
		11C98E621F92095400A1C3AD /* Project object */ = {
			isa = PBXProject;
			attributes = {
				LastSwiftUpdateCheck = 0900;
				LastUpgradeCheck = 0900;
				ORGANIZATIONNAME = "Alexander Danilyak";
				TargetAttributes = {
					11C98E691F92095400A1C3AD = {
						CreatedOnToolsVersion = 9.0;
						ProvisioningStyle = Automatic;
					};
				};
			};
			buildConfigurationList = 11C98E651F92095400A1C3AD /* Build configuration list for PBXProject "TravelHelper" */;
			compatibilityVersion = "Xcode 8.0";
			developmentRegion = en;
			hasScannedForEncodings = 0;
			knownRegions = (
				en,
				Base,
			);
			mainGroup = 11C98E611F92095400A1C3AD;
			productRefGroup = 11C98E6B1F92095400A1C3AD /* Products */;
			projectDirPath = "";
			projectRoot = "";
			targets = (
				11C98E691F92095400A1C3AD /* TravelHelper */,
			);
		};
/* End PBXProject section */

/* Begin PBXResourcesBuildPhase section */
		11C98E681F92095400A1C3AD /* Resources */ = {
			isa = PBXResourcesBuildPhase;
			buildActionMask = 2147483647;
			files = (
				11C98E781F92095400A1C3AD /* LaunchScreen.storyboard in Resources */,
				11C98E751F92095400A1C3AD /* Assets.xcassets in Resources */,
				11C98E731F92095400A1C3AD /* Main.storyboard in Resources */,
			);
			runOnlyForDeploymentPostprocessing = 0;
		};
/* End PBXResourcesBuildPhase section */

/* Begin PBXShellScriptBuildPhase section */
		40F35B20E4A6705BED4781AE /* [CP] Embed Pods Frameworks */ = {
			isa = PBXShellScriptBuildPhase;
			buildActionMask = 2147483647;
			files = (
			);
			inputPaths = (
				"${SRCROOT}/Pods/Target Support Files/Pods-TravelHelper/Pods-TravelHelper-frameworks.sh",
				"${BUILT_PRODUCTS_DIR}/Alamofire/Alamofire.framework",
				"${BUILT_PRODUCTS_DIR}/AlamofireImage/AlamofireImage.framework",
				"${BUILT_PRODUCTS_DIR}/Hero/Hero.framework",
				"${BUILT_PRODUCTS_DIR}/IGListKit/IGListKit.framework",
				"${BUILT_PRODUCTS_DIR}/RxCocoa/RxCocoa.framework",
				"${BUILT_PRODUCTS_DIR}/RxSwift/RxSwift.framework",
				"${BUILT_PRODUCTS_DIR}/SnapKit/SnapKit.framework",
				"${BUILT_PRODUCTS_DIR}/SwiftyJSON/SwiftyJSON.framework",
			);
			name = "[CP] Embed Pods Frameworks";
			outputPaths = (
				"${TARGET_BUILD_DIR}/${FRAMEWORKS_FOLDER_PATH}/Alamofire.framework",
				"${TARGET_BUILD_DIR}/${FRAMEWORKS_FOLDER_PATH}/AlamofireImage.framework",
				"${TARGET_BUILD_DIR}/${FRAMEWORKS_FOLDER_PATH}/Hero.framework",
				"${TARGET_BUILD_DIR}/${FRAMEWORKS_FOLDER_PATH}/IGListKit.framework",
				"${TARGET_BUILD_DIR}/${FRAMEWORKS_FOLDER_PATH}/RxCocoa.framework",
				"${TARGET_BUILD_DIR}/${FRAMEWORKS_FOLDER_PATH}/RxSwift.framework",
				"${TARGET_BUILD_DIR}/${FRAMEWORKS_FOLDER_PATH}/SnapKit.framework",
				"${TARGET_BUILD_DIR}/${FRAMEWORKS_FOLDER_PATH}/SwiftyJSON.framework",
			);
			runOnlyForDeploymentPostprocessing = 0;
			shellPath = /bin/sh;
			shellScript = "\"${SRCROOT}/Pods/Target Support Files/Pods-TravelHelper/Pods-TravelHelper-frameworks.sh\"\n";
			showEnvVarsInLog = 0;
		};
		5B1243528D7BADF7DF43AF7C /* [CP] Check Pods Manifest.lock */ = {
			isa = PBXShellScriptBuildPhase;
			buildActionMask = 2147483647;
			files = (
			);
			inputPaths = (
				"${PODS_PODFILE_DIR_PATH}/Podfile.lock",
				"${PODS_ROOT}/Manifest.lock",
			);
			name = "[CP] Check Pods Manifest.lock";
			outputPaths = (
				"$(DERIVED_FILE_DIR)/Pods-TravelHelper-checkManifestLockResult.txt",
			);
			runOnlyForDeploymentPostprocessing = 0;
			shellPath = /bin/sh;
			shellScript = "diff \"${PODS_PODFILE_DIR_PATH}/Podfile.lock\" \"${PODS_ROOT}/Manifest.lock\" > /dev/null\nif [ $? != 0 ] ; then\n    # print error to STDERR\n    echo \"error: The sandbox is not in sync with the Podfile.lock. Run 'pod install' or update your CocoaPods installation.\" >&2\n    exit 1\nfi\n# This output is used by Xcode 'outputs' to avoid re-running this script phase.\necho \"SUCCESS\" > \"${SCRIPT_OUTPUT_FILE_0}\"\n";
			showEnvVarsInLog = 0;
		};
		9825728754592139EA3FF5F6 /* [CP] Copy Pods Resources */ = {
			isa = PBXShellScriptBuildPhase;
			buildActionMask = 2147483647;
			files = (
			);
			inputPaths = (
			);
			name = "[CP] Copy Pods Resources";
			outputPaths = (
			);
			runOnlyForDeploymentPostprocessing = 0;
			shellPath = /bin/sh;
			shellScript = "\"${SRCROOT}/Pods/Target Support Files/Pods-TravelHelper/Pods-TravelHelper-resources.sh\"\n";
			showEnvVarsInLog = 0;
		};
/* End PBXShellScriptBuildPhase section */

/* Begin PBXSourcesBuildPhase section */
		11C98E661F92095400A1C3AD /* Sources */ = {
			isa = PBXSourcesBuildPhase;
			buildActionMask = 2147483647;
			files = (
				11C98E701F92095400A1C3AD /* ViewController.swift in Sources */,
				11C98E6E1F92095400A1C3AD /* AppDelegate.swift in Sources */,
			);
			runOnlyForDeploymentPostprocessing = 0;
		};
/* End PBXSourcesBuildPhase section */

/* Begin PBXVariantGroup section */
		11C98E711F92095400A1C3AD /* Main.storyboard */ = {
			isa = PBXVariantGroup;
			children = (
				11C98E721F92095400A1C3AD /* Base */,
			);
			name = Main.storyboard;
			sourceTree = "<group>";
		};
		11C98E761F92095400A1C3AD /* LaunchScreen.storyboard */ = {
			isa = PBXVariantGroup;
			children = (
				11C98E771F92095400A1C3AD /* Base */,
			);
			name = LaunchScreen.storyboard;
			sourceTree = "<group>";
		};
/* End PBXVariantGroup section */

/* Begin XCBuildConfiguration section */
		11C98E7A1F92095400A1C3AD /* Debug */ = {
			isa = XCBuildConfiguration;
			buildSettings = {
				ALWAYS_SEARCH_USER_PATHS = NO;
				CLANG_ANALYZER_NONNULL = YES;
				CLANG_ANALYZER_NUMBER_OBJECT_CONVERSION = YES_AGGRESSIVE;
				CLANG_CXX_LANGUAGE_STANDARD = "gnu++14";
				CLANG_CXX_LIBRARY = "libc++";
				CLANG_ENABLE_MODULES = YES;
				CLANG_ENABLE_OBJC_ARC = YES;
				CLANG_WARN_BLOCK_CAPTURE_AUTORELEASING = YES;
				CLANG_WARN_BOOL_CONVERSION = YES;
				CLANG_WARN_COMMA = YES;
				CLANG_WARN_CONSTANT_CONVERSION = YES;
				CLANG_WARN_DIRECT_OBJC_ISA_USAGE = YES_ERROR;
				CLANG_WARN_DOCUMENTATION_COMMENTS = YES;
				CLANG_WARN_EMPTY_BODY = YES;
				CLANG_WARN_ENUM_CONVERSION = YES;
				CLANG_WARN_INFINITE_RECURSION = YES;
				CLANG_WARN_INT_CONVERSION = YES;
				CLANG_WARN_NON_LITERAL_NULL_CONVERSION = YES;
				CLANG_WARN_OBJC_LITERAL_CONVERSION = YES;
				CLANG_WARN_OBJC_ROOT_CLASS = YES_ERROR;
				CLANG_WARN_RANGE_LOOP_ANALYSIS = YES;
				CLANG_WARN_STRICT_PROTOTYPES = YES;
				CLANG_WARN_SUSPICIOUS_MOVE = YES;
				CLANG_WARN_UNGUARDED_AVAILABILITY = YES_AGGRESSIVE;
				CLANG_WARN_UNREACHABLE_CODE = YES;
				CLANG_WARN__DUPLICATE_METHOD_MATCH = YES;
				CODE_SIGN_IDENTITY = "iPhone Developer";
				COPY_PHASE_STRIP = NO;
				DEBUG_INFORMATION_FORMAT = dwarf;
				ENABLE_STRICT_OBJC_MSGSEND = YES;
				ENABLE_TESTABILITY = YES;
				GCC_C_LANGUAGE_STANDARD = gnu11;
				GCC_DYNAMIC_NO_PIC = NO;
				GCC_NO_COMMON_BLOCKS = YES;
				GCC_OPTIMIZATION_LEVEL = 0;
				GCC_PREPROCESSOR_DEFINITIONS = (
					"DEBUG=1",
					"$(inherited)",
				);
				GCC_WARN_64_TO_32_BIT_CONVERSION = YES;
				GCC_WARN_ABOUT_RETURN_TYPE = YES_ERROR;
				GCC_WARN_UNDECLARED_SELECTOR = YES;
				GCC_WARN_UNINITIALIZED_AUTOS = YES_AGGRESSIVE;
				GCC_WARN_UNUSED_FUNCTION = YES;
				GCC_WARN_UNUSED_VARIABLE = YES;
				IPHONEOS_DEPLOYMENT_TARGET = 11.0;
				MTL_ENABLE_DEBUG_INFO = YES;
				ONLY_ACTIVE_ARCH = YES;
				SDKROOT = iphoneos;
				SWIFT_ACTIVE_COMPILATION_CONDITIONS = DEBUG;
				SWIFT_OPTIMIZATION_LEVEL = "-Onone";
			};
			name = Debug;
		};
		11C98E7B1F92095400A1C3AD /* Release */ = {
			isa = XCBuildConfiguration;
			buildSettings = {
				ALWAYS_SEARCH_USER_PATHS = NO;
				CLANG_ANALYZER_NONNULL = YES;
				CLANG_ANALYZER_NUMBER_OBJECT_CONVERSION = YES_AGGRESSIVE;
				CLANG_CXX_LANGUAGE_STANDARD = "gnu++14";
				CLANG_CXX_LIBRARY = "libc++";
				CLANG_ENABLE_MODULES = YES;
				CLANG_ENABLE_OBJC_ARC = YES;
				CLANG_WARN_BLOCK_CAPTURE_AUTORELEASING = YES;
				CLANG_WARN_BOOL_CONVERSION = YES;
				CLANG_WARN_COMMA = YES;
				CLANG_WARN_CONSTANT_CONVERSION = YES;
				CLANG_WARN_DIRECT_OBJC_ISA_USAGE = YES_ERROR;
				CLANG_WARN_DOCUMENTATION_COMMENTS = YES;
				CLANG_WARN_EMPTY_BODY = YES;
				CLANG_WARN_ENUM_CONVERSION = YES;
				CLANG_WARN_INFINITE_RECURSION = YES;
				CLANG_WARN_INT_CONVERSION = YES;
				CLANG_WARN_NON_LITERAL_NULL_CONVERSION = YES;
				CLANG_WARN_OBJC_LITERAL_CONVERSION = YES;
				CLANG_WARN_OBJC_ROOT_CLASS = YES_ERROR;
				CLANG_WARN_RANGE_LOOP_ANALYSIS = YES;
				CLANG_WARN_STRICT_PROTOTYPES = YES;
				CLANG_WARN_SUSPICIOUS_MOVE = YES;
				CLANG_WARN_UNGUARDED_AVAILABILITY = YES_AGGRESSIVE;
				CLANG_WARN_UNREACHABLE_CODE = YES;
				CLANG_WARN__DUPLICATE_METHOD_MATCH = YES;
				CODE_SIGN_IDENTITY = "iPhone Developer";
				COPY_PHASE_STRIP = NO;
				DEBUG_INFORMATION_FORMAT = "dwarf-with-dsym";
				ENABLE_NS_ASSERTIONS = NO;
				ENABLE_STRICT_OBJC_MSGSEND = YES;
				GCC_C_LANGUAGE_STANDARD = gnu11;
				GCC_NO_COMMON_BLOCKS = YES;
				GCC_WARN_64_TO_32_BIT_CONVERSION = YES;
				GCC_WARN_ABOUT_RETURN_TYPE = YES_ERROR;
				GCC_WARN_UNDECLARED_SELECTOR = YES;
				GCC_WARN_UNINITIALIZED_AUTOS = YES_AGGRESSIVE;
				GCC_WARN_UNUSED_FUNCTION = YES;
				GCC_WARN_UNUSED_VARIABLE = YES;
				IPHONEOS_DEPLOYMENT_TARGET = 11.0;
				MTL_ENABLE_DEBUG_INFO = NO;
				SDKROOT = iphoneos;
				SWIFT_OPTIMIZATION_LEVEL = "-Owholemodule";
				VALIDATE_PRODUCT = YES;
			};
			name = Release;
		};
		11C98E7D1F92095400A1C3AD /* Debug */ = {
			isa = XCBuildConfiguration;
			baseConfigurationReference = 885853279C082D3A4C951CE5 /* Pods-TravelHelper.debug.xcconfig */;
			buildSettings = {
				ASSETCATALOG_COMPILER_APPICON_NAME = AppIcon;
				CODE_SIGN_STYLE = Automatic;
				DEVELOPMENT_TEAM = XBBK9UCLZS;
				INFOPLIST_FILE = TravelHelper/Info.plist;
				LD_RUNPATH_SEARCH_PATHS = "$(inherited) @executable_path/Frameworks";
				PRODUCT_BUNDLE_IDENTIFIER = com.adanilyak.TravelHelper;
				PRODUCT_NAME = "$(TARGET_NAME)";
				SWIFT_VERSION = 4.0;
				TARGETED_DEVICE_FAMILY = "1,2";
			};
			name = Debug;
		};
		11C98E7E1F92095400A1C3AD /* Release */ = {
			isa = XCBuildConfiguration;
			baseConfigurationReference = A154026D0EEC119E1F80D74A /* Pods-TravelHelper.release.xcconfig */;
			buildSettings = {
				ASSETCATALOG_COMPILER_APPICON_NAME = AppIcon;
				CODE_SIGN_STYLE = Automatic;
				DEVELOPMENT_TEAM = XBBK9UCLZS;
				INFOPLIST_FILE = TravelHelper/Info.plist;
				LD_RUNPATH_SEARCH_PATHS = "$(inherited) @executable_path/Frameworks";
				PRODUCT_BUNDLE_IDENTIFIER = com.adanilyak.TravelHelper;
				PRODUCT_NAME = "$(TARGET_NAME)";
				SWIFT_VERSION = 4.0;
				TARGETED_DEVICE_FAMILY = "1,2";
			};
			name = Release;
		};
/* End XCBuildConfiguration section */

/* Begin XCConfigurationList section */
		11C98E651F92095400A1C3AD /* Build configuration list for PBXProject "TravelHelper" */ = {
			isa = XCConfigurationList;
			buildConfigurations = (
				11C98E7A1F92095400A1C3AD /* Debug */,
				11C98E7B1F92095400A1C3AD /* Release */,
			);
			defaultConfigurationIsVisible = 0;
			defaultConfigurationName = Release;
		};
		11C98E7C1F92095400A1C3AD /* Build configuration list for PBXNativeTarget "TravelHelper" */ = {
			isa = XCConfigurationList;
			buildConfigurations = (
				11C98E7D1F92095400A1C3AD /* Debug */,
				11C98E7E1F92095400A1C3AD /* Release */,
			);
			defaultConfigurationIsVisible = 0;
			defaultConfigurationName = Release;
		};
/* End XCConfigurationList section */
	};
	rootObject = 11C98E621F92095400A1C3AD /* Project object */;
}
